<?xml version="1.0" encoding="UTF-8" standalone="yes" ?>
<CodeBlocks_project_file>
	<FileVersion major="1" minor="6" />
	<Project>
		<Option title="Sunburst120" />
		<Option makefile_is_custom="1" />
		<Option pch_mode="2" />
		<Option compiler="agc_yayul_compiler" />
		<Build>
			<Target title="MAIN.agc.bin">
				<Option output="MAIN.agc.bin" prefix_auto="0" extension_auto="0" />
				<Option object_output="/home/virtualagc/VirtualAGC/Resources/source/Sunburst120/.objs" />
				<Option type="1" />
				<Option compiler="agc_yayul_compiler" />
				<Compiler>
					<Add option="-g" />
				</Compiler>
				<MakeCommands>
					<Build command="$make $target" />
					<CompileFile command="$make" />
					<Clean command="$make clean" />
					<DistClean command="$make -f $makefile distclean$target" />
					<AskRebuildNeeded command="$make -q" />
					<SilentBuild command="$make $target &gt; $(CMD_NULL)" />
				</MakeCommands>
			</Target>
		</Build>
		<Compiler>
			<Add option="-Wall" />
		</Compiler>
                <Unit filename="206_SERVICE_ROUTINES.agc" />
                <Unit filename="AGC_BLOCK_TWO_SELF-CHECK.agc" />
                <Unit filename="ALARM_AND_ABORT.agc" />
                <Unit filename="AOSTASK_AND_AOSJOB.agc" />
                <Unit filename="AOTMARK.agc" />
                <Unit filename="AS206_MISSION_SCHEDULING_PACKAGE.agc" />
                <Unit filename="ASCENT_STEERING.agc" />
                <Unit filename="ASSEMBLY_AND_OPERATION_INFORMATION.agc" />
                <Unit filename="ATTITUDE_MANEUVER_ROUTINE.agc" />
                <Unit filename="AVERAGE_G_INTEGRATOR.agc" />
                <Unit filename="DAPIDLER_PROGRAM.agc" />
                <Unit filename="DAP_INTERFACE_SUBROUTINES.agc" />
                <Unit filename="DOWN-TELEMETRY_PROGRAM.agc" />
                <Unit filename="DUMMY_206_INITIALIZATION.agc" />
                <Unit filename="ERASABLE_ASSIGNMENTS.agc" />
                <Unit filename="EXECUTIVE.agc" />
                <Unit filename="EXTENDED_VERBS.agc" />
                <Unit filename="FIND_CDU_DESIRED.agc" />
                <Unit filename="FRESH_START_AND_RESTART.agc" />
                <Unit filename="GIMBAL_LOCK_AVOIDANCE.agc" />
                <Unit filename="IMU_COMPENSATION_PACKAGE.agc" />
                <Unit filename="IMU_MODE_SWITCHING_ROUTINES.agc" />
                <Unit filename="IMU_PERFORMANCE_TESTS_1.agc" />
                <Unit filename="IMU_PERFORMANCE_TESTS_2.agc" />
                <Unit filename="IMU_PERFORMANCE_TESTS_3.agc" />
                <Unit filename="INFLIGHT_ALIGNMENT_ROUTINES.agc" />
                <Unit filename="INPUT_OUTPUT_CHANNELS.agc" />
                <Unit filename="INTEGRATION_INITIALIZATION.agc" />
                <Unit filename="INTER-BANK_COMMUNICATION.agc" />
                <Unit filename="INTERPRETER.agc" />
                <Unit filename="INTERRUPT_LEAD_INS.agc" />
                <Unit filename="KALCMANU_STEERING.agc" />
                <Unit filename="KALMAN_FILTER_FOR_LM_DAP.agc" />
                <Unit filename="KEYRUPT,_UPRUPT.agc" />
                <Unit filename="LAMB.agc" />
                <Unit filename="LEM_FLIGHT_CONTROL_SYSTEM_TEST.agc" />
                <Unit filename="LMP_COMMAND_ROUTINES.agc" />
                <Unit filename="LOGSUB_ROUTINE.agc" />
                <Unit filename="MAIN-test.agc" />
                <Unit filename="MAIN.agc" />
                <Unit filename="MASS_CALCULATOR.agc" />
                <Unit filename="MISSION_PHASE_11-DPS2_FITH_APS1.agc" />
                <Unit filename="MISSION_PHASE_13-APS2.agc" />
                <Unit filename="MISSION_PHASE_16-RCS_COLD_SOAK.agc" />
                <Unit filename="MISSION_PHASE_2_GUIDANCE_REFERENCE_RELEASE_PLUS_BOOST_MONITOR.agc" />
                <Unit filename="MISSION_PHASE_6_COAST_SIVB_ATTACHED.agc" />
                <Unit filename="MISSION_PHASE_8-DPS_COLD_SOAK.agc" />
                <Unit filename="MP4-CONTINGENCY_ORBIT_INSERTION.agc" />
                <Unit filename="MP9-DPS_1_BURN.agc" />
                <Unit filename="MP_3_SUBORBITAL_ABORT.agc" />
                <Unit filename="MP_7-SIVB_LEM_SEPARATION.agc" />
                <Unit filename="OPTIMUM_PRELAUNCH_ALIGNMENT_CALIBRATION.agc" />
                <Unit filename="ORBITAL_INTEGRATION_PROGRAM.agc" />
                <Unit filename="P-AXIS_REACTION_CONTROL_SYSTEM_AUTOPILOT.agc" />
                <Unit filename="PHASE_TABLE_MAINTENANCE.agc" />
                <Unit filename="PINBALL_GAME__BUTTONS_AND_LIGHTS.agc" />
                <Unit filename="PIPA_READER.agc" />
                <Unit filename="PREBURN_FOR_APS2.agc" />
                <Unit filename="Q,R-AXES_JET_SELECT_AND_FAILURE_CONTROL_LOGIC.agc" />
                <Unit filename="Q,R-AXES_REACTION_CONTROL_SYSTEM_AUTOPILOT.agc" />
                <Unit filename="RADAR_LEADIN_ROUTINES.agc" />
                <Unit filename="RADAR_TEST_PROGRAMS.agc" />
                <Unit filename="RCS_FAILURE_MONITOR.agc" />
                <Unit filename="RESTART_TABLES_AND_RESTARTS_ROUTINE.agc" />
                <Unit filename="RTB_OP_CODES.agc" />
                <Unit filename="SECOND_DPS_GUIDANCE.agc" />
                <Unit filename="SINGLE_PRECISION_SUBROUTINES.agc" />
                <Unit filename="SPS_BACK-UP_RCS_CONTROL.agc" />
                <Unit filename="SUM_CHECK_END_OF_BANK_MARKERS.agc" />
                <Unit filename="T4RUPT_PROGRAM.agc" />
                <Unit filename="T6-RUPT_PROGRAMS.agc" />
                <Unit filename="THROTTLE_CONTROL.agc" />
                <Unit filename="THRUST_MAGNITUDE_FILTER.agc" />
                <Unit filename="TRIM_GIMBAL_CONTROL_SYSTEM.agc" />
                <Unit filename="TUMBLE_MONITOR.agc" />
                <Unit filename="UPDATE_PROGRAM_PART_1_OF_2.agc" />
                <Unit filename="UPDATE_PROGRAM_PART_2_OF_2.agc" />
                <Unit filename="WAITLIST.agc" />
		<Extensions>
			<code_completion />
			<debugger />
		</Extensions>
	</Project>
</CodeBlocks_project_file>
