<?xml version="1.0" encoding="UTF-8" standalone="yes" ?>
<CodeBlocks_project_file>
	<FileVersion major="1" minor="6" />
	<Project>
		<Option title="Luminary131" />
		<Option makefile_is_custom="1" />
		<Option pch_mode="2" />
		<Option compiler="agc_yayul_compiler" />
		<Build>
			<Target title="MAIN.agc.bin">
				<Option output="MAIN.agc.bin" prefix_auto="0" extension_auto="0" />
				<Option object_output="/home/virtualagc/VirtualAGC/Resources/source/Luminary131/.objs" />
				<Option type="1" />
				<Option compiler="agc_yayul_compiler" />
				<Compiler>
					<Add option="-g" />
				</Compiler>
				<MakeCommands>
					<Build command="$make $target" />
					<CompileFile command="$make" />
					<Clean command="$make clean" />
					<DistClean command="$make -f $makefile distclean$target" />
					<AskRebuildNeeded command="$make -q" />
					<SilentBuild command="$make $target &gt; $(CMD_NULL)" />
				</MakeCommands>
			</Target>
		</Build>
		<Compiler>
			<Add option="-Wall" />
		</Compiler>
                <Unit filename="AGC_BLOCK_TWO_SELF-CHECK.agc" />
                <Unit filename="AGS_INITIALIZATION.agc" />
                <Unit filename="ALARM_AND_ABORT.agc" />
                <Unit filename="AOSTASK_AND_AOSJOB.agc" />
                <Unit filename="AOTMARK.agc" />
                <Unit filename="ASCENT_GUIDANCE.agc" />
                <Unit filename="ASSEMBLY_AND_OPERATION_INFORMATION.agc" />
                <Unit filename="ATTITUDE_MANEUVER_ROUTINE.agc" />
                <Unit filename="BURN,_BABY,_BURN_--_MASTER_IGNITION_ROUTINE.agc" />
                <Unit filename="CONIC_SUBROUTINES.agc" />
                <Unit filename="CONTROLLED_CONSTANTS.agc" />
                <Unit filename="DAPIDLER_PROGRAM.agc" />
                <Unit filename="DAP_INTERFACE_SUBROUTINES.agc" />
                <Unit filename="DISPLAY_INTERFACE_ROUTINES.agc" />
                <Unit filename="DOWN-TELEMETRY_PROGRAM.agc" />
                <Unit filename="DOWNLINK_LISTS.agc" />
                <Unit filename="ERASABLE_ASSIGNMENTS.agc" />
                <Unit filename="EXECUTIVE.agc" />
                <Unit filename="EXTENDED_VERBS.agc" />
                <Unit filename="FINDCDUW_-_GUIDAP_INTERFACE.agc" />
                <Unit filename="FIXED-FIXED_CONSTANT_POOL.agc" />
                <Unit filename="FLAGWORD_ASSIGNMENTS.agc" />
                <Unit filename="FRESH_START_AND_RESTART.agc" />
                <Unit filename="GIMBAL_LOCK_AVOIDANCE.agc" />
                <Unit filename="GROUND_TRACKING_DETERMINATION_PROGRAM_-_P21.agc" />
                <Unit filename="IMU_COMPENSATION_PACKAGE.agc" />
                <Unit filename="IMU_MODE_SWITCHING_ROUTINES.agc" />
                <Unit filename="IMU_PERFORMANCE_TESTS_2.agc" />
                <Unit filename="IMU_PERFORMANCE_TESTS_4.agc" />
                <Unit filename="INFLIGHT_ALIGNMENT_ROUTINES.agc" />
                <Unit filename="INPUT_OUTPUT_CHANNEL_BIT_DESCRIPTIONS.agc" />
                <Unit filename="INTEGRATION_INITIALIZATION.agc" />
                <Unit filename="INTER-BANK_COMMUNICATION.agc" />
                <Unit filename="INTERPRETER.agc" />
                <Unit filename="INTERPRETIVE_CONSTANTS.agc" />
                <Unit filename="INTERRUPT_LEAD_INS.agc" />
                <Unit filename="KALCMANU_STEERING.agc" />
                <Unit filename="KALMAN_FILTER.agc" />
                <Unit filename="KEYRUPT,_UPRUPT.agc" />
                <Unit filename="LANDING_ANALOG_DISPLAYS.agc" />
                <Unit filename="LATITUDE_LONGITUDE_SUBROUTINES.agc" />
                <Unit filename="LEM_GEOMETRY.agc" />
                <Unit filename="LUNAR_AND_SOLAR_EPHEMERIDES_SUBROUTINES.agc" />
                <Unit filename="LUNAR_LANDING_GUIDANCE_EQUATIONS.agc" />
                <Unit filename="MAIN.agc" />
                <Unit filename="MEASUREMENT_INCORPORATION.agc" />
                <Unit filename="ORBITAL_INTEGRATION.agc" />
                <Unit filename="P-AXIS_RCS_AUTOPILOT.agc" />
                <Unit filename="P12.agc" />
                <Unit filename="P20-P25.agc" />
                <Unit filename="P30,P37.agc" />
                <Unit filename="P32-P35,_P72-P75.agc" />
                <Unit filename="P34-P35,_P74-P75.agc" />
                <Unit filename="P40-P47.agc" />
                <Unit filename="P51-P53.agc" />
                <Unit filename="P70-P71.agc" />
                <Unit filename="P76.agc" />
                <Unit filename="PHASE_TABLE_MAINTENANCE.agc" />
                <Unit filename="PINBALL_GAME__BUTTONS_AND_LIGHTS.agc" />
                <Unit filename="PINBALL_NOUN_TABLES.agc" />
                <Unit filename="PLANETARY_INERTIAL_ORIENTATION.agc" />
                <Unit filename="POWERED_FLIGHT_SUBROUTINES.agc" />
                <Unit filename="Q,R-AXES_RCS_AUTOPILOT.agc" />
                <Unit filename="R30.agc" />
                <Unit filename="R31.agc" />
                <Unit filename="R60,R62.agc" />
                <Unit filename="R63.agc" />
                <Unit filename="RADAR_LEADIN_ROUTINES.agc" />
                <Unit filename="RCS_FAILURE_MONITOR.agc" />
                <Unit filename="RESTARTS_ROUTINE.agc" />
                <Unit filename="RESTART_TABLES.agc" />
                <Unit filename="RTB_OP_CODES.agc" />
                <Unit filename="S-BAND_ANTENNA_FOR_LM.agc" />
                <Unit filename="SERVICER.agc" />
                <Unit filename="SERVICE_ROUTINES.agc" />
                <Unit filename="SINGLE_PRECISION_SUBROUTINES.agc" />
                <Unit filename="SPS_BACK-UP_RCS_CONTROL.agc" />
                <Unit filename="SYSTEM_TEST_STANDARD_LEAD_INS.agc" />
                <Unit filename="T4RUPT_PROGRAM.agc" />
                <Unit filename="T6-RUPT_PROGRAMS.agc" />
                <Unit filename="TAGS_FOR_RELATIVE_SETLOC_AND_BLANK_BANK_CARDS.agc" />
                <Unit filename="THE_LUNAR_LANDING.agc" />
                <Unit filename="THROTTLE_CONTROL_ROUTINES.agc" />
                <Unit filename="TIME_OF_FREE_FALL.agc" />
                <Unit filename="TJET_LAW.agc" />
                <Unit filename="TRIM_GIMBAL_CONTROL_SYSTEM.agc" />
                <Unit filename="UPDATE_PROGRAM.agc" />
                <Unit filename="WAITLIST.agc" />
		<Extensions>
			<code_completion />
			<debugger />
		</Extensions>
	</Project>
</CodeBlocks_project_file>
