<?xml version="1.0" encoding="UTF-8" standalone="yes" ?>
<CodeBlocks_project_file>
	<FileVersion major="1" minor="6" />
	<Project>
		<Option title="Colossus237" />
		<Option makefile_is_custom="1" />
		<Option pch_mode="2" />
		<Option compiler="agc_yayul_compiler" />
		<Build>
			<Target title="MAIN.agc.bin">
				<Option output="MAIN.agc.bin" prefix_auto="0" extension_auto="0" />
				<Option object_output="/home/virtualagc/VirtualAGC/Resources/source/Colossus237/.objs" />
				<Option type="1" />
				<Option compiler="agc_yayul_compiler" />
				<Compiler>
					<Add option="-g" />
				</Compiler>
				<MakeCommands>
					<Build command="$make $target" />
					<CompileFile command="$make" />
					<Clean command="$make clean" />
					<DistClean command="$make -f $makefile distclean$target" />
					<AskRebuildNeeded command="$make -q" />
					<SilentBuild command="$make $target &gt; $(CMD_NULL)" />
				</MakeCommands>
			</Target>
		</Build>
		<Compiler>
			<Add option="-Wall" />
		</Compiler>
                <Unit filename="AGC_BLOCK_TWO_SELF-CHECK.agc" />
                <Unit filename="ALARM_AND_ABORT.agc" />
                <Unit filename="ANGLFIND.agc" />
                <Unit filename="ASSEMBLY_AND_OPERATION_INFORMATION.agc" />
                <Unit filename="AUTOMATIC_MANEUVERS.agc" />
                <Unit filename="CM_BODY_ATTITUDE.agc" />
                <Unit filename="CM_ENTRY_DIGITAL_AUTOPILOT.agc" />
                <Unit filename="CONIC_SUBROUTINES.agc" />
                <Unit filename="CSM_GEOMETRY.agc" />
                <Unit filename="DISPLAY_INTERFACE_ROUTINES.agc" />
                <Unit filename="DOWN-TELEMETRY_PROGRAM.agc" />
                <Unit filename="DOWNLINK_LISTS.agc" />
                <Unit filename="ENTRY_LEXICON.agc" />
                <Unit filename="ERASABLE_ASSIGNMENTS.agc" />
                <Unit filename="EXECUTIVE.agc" />
                <Unit filename="EXTENDED_VERBS.agc" />
                <Unit filename="FIXED-FIXED_CONSTANT_POOL.agc" />
                <Unit filename="FRESH_START_AND_RESTART.agc" />
                <Unit filename="GIMBAL_LOCK_AVOIDANCE.agc" />
                <Unit filename="GROUND_TRACKING_DETERMINATION_PROGRAM_-_P21.agc" />
                <Unit filename="IMU_CALIBRATION_AND_ALIGNMENT.agc" />
                <Unit filename="IMU_COMPENSATION_PACKAGE.agc" />
                <Unit filename="IMU_MODE_SWITCHING_ROUTINES.agc" />
                <Unit filename="INFLIGHT_ALIGNMENT_ROUTINES.agc" />
                <Unit filename="INTEGRATION_INITIALIZATION.agc" />
                <Unit filename="INTER-BANK_COMMUNICATION.agc" />
                <Unit filename="INTERPRETER.agc" />
                <Unit filename="INTERPRETIVE_CONSTANTS.agc" />
                <Unit filename="INTERRUPT_LEAD_INS.agc" />
                <Unit filename="JET_SELECTION_LOGIC.agc" />
                <Unit filename="KALCMANU_STEERING.agc" />
                <Unit filename="KEYRUPT,_UPRUPT.agc" />
                <Unit filename="LATITUDE_LONGITUDE_SUBROUTINES.agc" />
                <Unit filename="LUNAR_AND_SOLAR_EPHEMERIDES_SUBROUTINES.agc" />
                <Unit filename="LUNAR_LANDMARK_SELECTION_FOR_CM.agc" />
                <Unit filename="MAIN.agc" />
                <Unit filename="MEASUREMENT_INCORPORATION.agc" />
                <Unit filename="MYSUBS.agc" />
                <Unit filename="ORBITAL_INTEGRATION.agc" />
                <Unit filename="P11.agc" />
                <Unit filename="P20-P25.agc" />
                <Unit filename="P30,P37.agc" />
                <Unit filename="P34-P35,_P74-P75.agc" />
                <Unit filename="P37,P70.agc" />
                <Unit filename="P40-P47.agc" />
                <Unit filename="P51-P53.agc" />
                <Unit filename="P61-P67.agc" />
                <Unit filename="P76.agc" />
                <Unit filename="PHASE_TABLE_MAINTENANCE.agc" />
                <Unit filename="PINBALL_GAME__BUTTONS_AND_LIGHTS.agc" />
                <Unit filename="PINBALL_NOUN_TABLES.agc" />
                <Unit filename="PLANETARY_INERTIAL_ORIENTATION.agc" />
                <Unit filename="POWERED_FLIGHT_SUBROUTINES.agc" />
                <Unit filename="R30.agc" />
                <Unit filename="R31.agc" />
                <Unit filename="R60,R62.agc" />
                <Unit filename="RCS-CSM_DAP_EXECUTIVE_PROGRAMS.agc" />
                <Unit filename="RCS-CSM_DIGITAL_AUTOPILOT.agc" />
                <Unit filename="REENTRY_CONTROL.agc" />
                <Unit filename="RESTARTS_ROUTINE.agc" />
                <Unit filename="RESTART_TABLES.agc" />
                <Unit filename="RTB_OP_CODES.agc" />
                <Unit filename="S-BAND_ANTENNA_FOR_CM.agc" />
                <Unit filename="SERVICER207.agc" />
                <Unit filename="SERVICE_ROUTINES.agc" />
                <Unit filename="SINGLE_PRECISION_SUBROUTINES.agc" />
                <Unit filename="STABLE_ORBIT_-_P38-P39.agc" />
                <Unit filename="STAR_TABLES.agc" />
                <Unit filename="SXTMARK.agc" />
                <Unit filename="SYSTEM_TEST_STANDARD_LEAD_INS.agc" />
                <Unit filename="T4RUPT_PROGRAM.agc" />
                <Unit filename="TAGS_FOR_RELATIVE_SETLOC_AND_BLANK_BANK_CARDS.agc" />
                <Unit filename="TIME_OF_FREE_FALL.agc" />
                <Unit filename="TPI_SEARCH.agc" />
                <Unit filename="TVCDAPS.agc" />
                <Unit filename="TVCEXECUTIVE.agc" />
                <Unit filename="TVCGEN3FILTERS.agc" />
                <Unit filename="TVCINITIALIZE.agc" />
                <Unit filename="TVCMASSPROP.agc" />
                <Unit filename="TVCRESTARTS.agc" />
                <Unit filename="TVCROLLDAP.agc" />
                <Unit filename="TVCSTROKETEST.agc" />
                <Unit filename="Template.agc" />
                <Unit filename="UPDATE_PROGRAM.agc" />
                <Unit filename="WAITLIST.agc" />
		<Extensions>
			<code_completion />
			<debugger />
		</Extensions>
	</Project>
</CodeBlocks_project_file>
