<?xml version="1.0" encoding="UTF-8" standalone="yes" ?>
<CodeBlocks_project_file>
	<FileVersion major="1" minor="6" />
	<Project>
		<Option title="Validation" />
		<Option makefile_is_custom="1" />
		<Option pch_mode="2" />
		<Option compiler="agc_yayul_compiler" />
		<Build>
			<Target title="Validation.agc.bin">
				<Option output="Validation.agc.bin" prefix_auto="0" extension_auto="0" />
				<Option object_output="/home/virtualagc/VirtualAGC/Resources/source/Validation/.objs" />
				<Option type="1" />
				<Option compiler="agc_yayul_compiler" />
				<Compiler>
					<Add option="-g" />
				</Compiler>
				<MakeCommands>
					<Build command="$make $target" />
					<CompileFile command="$make" />
					<Clean command="$make clean" />
					<DistClean command="$make -f $makefile distclean$target" />
					<AskRebuildNeeded command="$make -q" />
					<SilentBuild command="$make $target &gt; $(CMD_NULL)" />
				</MakeCommands>
			</Target>
		</Build>
		<Compiler>
			<Add option="-Wall" />
		</Compiler>
                <Unit filename="Errordsp.agc" />
                <Unit filename="Interrupts.agc" />
                <Unit filename="SmallyBZFCHK.agc" />
                <Unit filename="SmallyBZMFCHK.agc" />
                <Unit filename="SmallyCCSCHK.agc" />
                <Unit filename="SmallyCNTRCHK.agc" />
                <Unit filename="SmallyCOUNTCHK.agc" />
                <Unit filename="SmallyCYCLSHFT.agc" />
                <Unit filename="SmallyD--LCHK.agc" />
                <Unit filename="SmallyD--SC.agc" />
                <Unit filename="SmallyDASINCR.agc" />
                <Unit filename="SmallyDVCHECK.agc" />
                <Unit filename="SmallyDVCHK.agc" />
                <Unit filename="SmallyDXCHDIM.agc" />
                <Unit filename="SmallyIN-OUT1.agc" />
                <Unit filename="SmallyIN-OUT2.agc" />
                <Unit filename="SmallyIN-OUT3.agc" />
                <Unit filename="SmallyMASKCHK.agc" />
                <Unit filename="SmallyMPCHK.agc" />
                <Unit filename="SmallyMPNMBRS.agc" />
                <Unit filename="SmallyMSUCHK.agc" />
                <Unit filename="SmallyO-UFLOW.agc" />
                <Unit filename="SmallyRESTORE1.agc" />
                <Unit filename="SmallyRESTORE2.agc" />
                <Unit filename="SmallyRESTORE3.agc" />
                <Unit filename="SmallyRUPTCHK.agc" />
                <Unit filename="SmallyTCTCF.agc" />
                <Unit filename="Utilities.agc" />
                <Unit filename="ValidateAD.agc" />
                <Unit filename="ValidateADS.agc" />
                <Unit filename="ValidateAUG.agc" />
                <Unit filename="ValidateBZF.agc" />
                <Unit filename="ValidateBZMF.agc" />
                <Unit filename="ValidateCA.agc" />
                <Unit filename="ValidateCCS.agc" />
                <Unit filename="ValidateCOM.agc" />
                <Unit filename="ValidateCS.agc" />
                <Unit filename="ValidateDAS.agc" />
                <Unit filename="ValidateDCA.agc" />
                <Unit filename="ValidateDCOM.agc" />
                <Unit filename="ValidateDCS.agc" />
                <Unit filename="ValidateDDOUBL.agc" />
                <Unit filename="ValidateDIM.agc" />
                <Unit filename="ValidateDOUBLE.agc" />
                <Unit filename="ValidateDTCB.agc" />
                <Unit filename="ValidateDTCF.agc" />
                <Unit filename="ValidateDV.agc" />
                <Unit filename="ValidateDXCH.agc" />
                <Unit filename="ValidateINCR.agc" />
                <Unit filename="ValidateINDEX.agc" />
                <Unit filename="ValidateIO.agc" />
                <Unit filename="ValidateLXCH.agc" />
                <Unit filename="ValidateMASK.agc" />
                <Unit filename="ValidateMP.agc" />
                <Unit filename="ValidateMSU.agc" />
                <Unit filename="ValidateNOOP.agc" />
                <Unit filename="ValidateOVSK.agc" />
                <Unit filename="ValidateQXCH.agc" />
                <Unit filename="ValidateSQUARE.agc" />
                <Unit filename="ValidateSU.agc" />
                <Unit filename="ValidateSmally.agc" />
                <Unit filename="ValidateTCAA.agc" />
                <Unit filename="ValidateTS.agc" />
                <Unit filename="ValidateX.agc" />
                <Unit filename="ValidateXCH.agc" />
                <Unit filename="ValidateZX.agc" />
                <Unit filename="Validation.agc" />
                <Unit filename="VariablesAndConstants.agc" />
		<Extensions>
			<code_completion />
			<debugger />
		</Extensions>
	</Project>
</CodeBlocks_project_file>
